
Microsoft Visual Studio Solution File, Format Version 12.00
# Visual Studio Version 16
VisualStudioVersion = 16.0.29324.140
MinimumVisualStudioVersion = 10.0.40219.1
Project("{FAE04EC0-301F-11D3-BF4B-00C04F79EFBC}") = "Presentacion", "Presentacion\Presentacion.csproj", "{DB702540-A411-4EEF-9F44-5AE03B85A42F}"
EndProject
Project("{FAE04EC0-301F-11D3-BF4B-00C04F79EFBC}") = "Datos", "Dato\Datos.csproj", "{D927F949-2D80-4621-B40C-204A76D0C3C3}"
EndProject
Project("{FAE04EC0-301F-11D3-BF4B-00C04F79EFBC}") = "Negocios", "Negocios\Negocios.csproj", "{AB07C913-2C92-4F48-B54B-C7C369341987}"
EndProject
Global
	GlobalSection(SolutionConfigurationPlatforms) = preSolution
		Debug|Any CPU = Debug|Any CPU
		Debug|ARM = Debug|ARM
		Debug|ARM64 = Debug|ARM64
		Debug|x64 = Debug|x64
		Debug|x86 = Debug|x86
		Release|Any CPU = Release|Any CPU
		Release|ARM = Release|ARM
		Release|ARM64 = Release|ARM64
		Release|x64 = Release|x64
		Release|x86 = Release|x86
	EndGlobalSection
	GlobalSection(ProjectConfigurationPlatforms) = postSolution
		{DB702540-A411-4EEF-9F44-5AE03B85A42F}.Debug|Any CPU.ActiveCfg = Debug|Any CPU
		{DB702540-A411-4EEF-9F44-5AE03B85A42F}.Debug|Any CPU.Build.0 = Debug|Any CPU
		{DB702540-A411-4EEF-9F44-5AE03B85A42F}.Debug|ARM.ActiveCfg = Debug|Any CPU
		{DB702540-A411-4EEF-9F44-5AE03B85A42F}.Debug|ARM.Build.0 = Debug|Any CPU
		{DB702540-A411-4EEF-9F44-5AE03B85A42F}.Debug|ARM64.ActiveCfg = Debug|Any CPU
		{DB702540-A411-4EEF-9F44-5AE03B85A42F}.Debug|ARM64.Build.0 = Debug|Any CPU
		{DB702540-A411-4EEF-9F44-5AE03B85A42F}.Debug|x64.ActiveCfg = Debug|Any CPU
		{DB702540-A411-4EEF-9F44-5AE03B85A42F}.Debug|x64.Build.0 = Debug|Any CPU
		{DB702540-A411-4EEF-9F44-5AE03B85A42F}.Debug|x86.ActiveCfg = Debug|Any CPU
		{DB702540-A411-4EEF-9F44-5AE03B85A42F}.Debug|x86.Build.0 = Debug|Any CPU
		{DB702540-A411-4EEF-9F44-5AE03B85A42F}.Release|Any CPU.ActiveCfg = Release|Any CPU
		{DB702540-A411-4EEF-9F44-5AE03B85A42F}.Release|Any CPU.Build.0 = Release|Any CPU
		{DB702540-A411-4EEF-9F44-5AE03B85A42F}.Release|ARM.ActiveCfg = Release|Any CPU
		{DB702540-A411-4EEF-9F44-5AE03B85A42F}.Release|ARM.Build.0 = Release|Any CPU
		{DB702540-A411-4EEF-9F44-5AE03B85A42F}.Release|ARM64.ActiveCfg = Release|Any CPU
		{DB702540-A411-4EEF-9F44-5AE03B85A42F}.Release|ARM64.Build.0 = Release|Any CPU
		{DB702540-A411-4EEF-9F44-5AE03B85A42F}.Release|x64.ActiveCfg = Release|Any CPU
		{DB702540-A411-4EEF-9F44-5AE03B85A42F}.Release|x64.Build.0 = Release|Any CPU
		{DB702540-A411-4EEF-9F44-5AE03B85A42F}.Release|x86.ActiveCfg = Release|Any CPU
		{DB702540-A411-4EEF-9F44-5AE03B85A42F}.Release|x86.Build.0 = Release|Any CPU
		{D927F949-2D80-4621-B40C-204A76D0C3C3}.Debug|Any CPU.ActiveCfg = Debug|Any CPU
		{D927F949-2D80-4621-B40C-204A76D0C3C3}.Debug|Any CPU.Build.0 = Debug|Any CPU
		{D927F949-2D80-4621-B40C-204A76D0C3C3}.Debug|ARM.ActiveCfg = Debug|Any CPU
		{D927F949-2D80-4621-B40C-204A76D0C3C3}.Debug|ARM.Build.0 = Debug|Any CPU
		{D927F949-2D80-4621-B40C-204A76D0C3C3}.Debug|ARM64.ActiveCfg = Debug|Any CPU
		{D927F949-2D80-4621-B40C-204A76D0C3C3}.Debug|ARM64.Build.0 = Debug|Any CPU
		{D927F949-2D80-4621-B40C-204A76D0C3C3}.Debug|x64.ActiveCfg = Debug|Any CPU
		{D927F949-2D80-4621-B40C-204A76D0C3C3}.Debug|x64.Build.0 = Debug|Any CPU
		{D927F949-2D80-4621-B40C-204A76D0C3C3}.Debug|x86.ActiveCfg = Debug|Any CPU
		{D927F949-2D80-4621-B40C-204A76D0C3C3}.Debug|x86.Build.0 = Debug|Any CPU
		{D927F949-2D80-4621-B40C-204A76D0C3C3}.Release|Any CPU.ActiveCfg = Release|Any CPU
		{D927F949-2D80-4621-B40C-204A76D0C3C3}.Release|Any CPU.Build.0 = Release|Any CPU
		{D927F949-2D80-4621-B40C-204A76D0C3C3}.Release|ARM.ActiveCfg = Release|Any CPU
		{D927F949-2D80-4621-B40C-204A76D0C3C3}.Release|ARM.Build.0 = Release|Any CPU
		{D927F949-2D80-4621-B40C-204A76D0C3C3}.Release|ARM64.ActiveCfg = Release|Any CPU
		{D927F949-2D80-4621-B40C-204A76D0C3C3}.Release|ARM64.Build.0 = Release|Any CPU
		{D927F949-2D80-4621-B40C-204A76D0C3C3}.Release|x64.ActiveCfg = Release|Any CPU
		{D927F949-2D80-4621-B40C-204A76D0C3C3}.Release|x64.Build.0 = Release|Any CPU
		{D927F949-2D80-4621-B40C-204A76D0C3C3}.Release|x86.ActiveCfg = Release|Any CPU
		{D927F949-2D80-4621-B40C-204A76D0C3C3}.Release|x86.Build.0 = Release|Any CPU
		{AB07C913-2C92-4F48-B54B-C7C369341987}.Debug|Any CPU.ActiveCfg = Debug|Any CPU
		{AB07C913-2C92-4F48-B54B-C7C369341987}.Debug|Any CPU.Build.0 = Debug|Any CPU
		{AB07C913-2C92-4F48-B54B-C7C369341987}.Debug|ARM.ActiveCfg = Debug|Any CPU
		{AB07C913-2C92-4F48-B54B-C7C369341987}.Debug|ARM.Build.0 = Debug|Any CPU
		{AB07C913-2C92-4F48-B54B-C7C369341987}.Debug|ARM64.ActiveCfg = Debug|Any CPU
		{AB07C913-2C92-4F48-B54B-C7C369341987}.Debug|ARM64.Build.0 = Debug|Any CPU
		{AB07C913-2C92-4F48-B54B-C7C369341987}.Debug|x64.ActiveCfg = Debug|Any CPU
		{AB07C913-2C92-4F48-B54B-C7C369341987}.Debug|x64.Build.0 = Debug|Any CPU
		{AB07C913-2C92-4F48-B54B-C7C369341987}.Debug|x86.ActiveCfg = Debug|Any CPU
		{AB07C913-2C92-4F48-B54B-C7C369341987}.Debug|x86.Build.0 = Debug|Any CPU
		{AB07C913-2C92-4F48-B54B-C7C369341987}.Release|Any CPU.ActiveCfg = Release|Any CPU
		{AB07C913-2C92-4F48-B54B-C7C369341987}.Release|Any CPU.Build.0 = Release|Any CPU
		{AB07C913-2C92-4F48-B54B-C7C369341987}.Release|ARM.ActiveCfg = Release|Any CPU
		{AB07C913-2C92-4F48-B54B-C7C369341987}.Release|ARM.Build.0 = Release|Any CPU
		{AB07C913-2C92-4F48-B54B-C7C369341987}.Release|ARM64.ActiveCfg = Release|Any CPU
		{AB07C913-2C92-4F48-B54B-C7C369341987}.Release|ARM64.Build.0 = Release|Any CPU
		{AB07C913-2C92-4F48-B54B-C7C369341987}.Release|x64.ActiveCfg = Release|Any CPU
		{AB07C913-2C92-4F48-B54B-C7C369341987}.Release|x64.Build.0 = Release|Any CPU
		{AB07C913-2C92-4F48-B54B-C7C369341987}.Release|x86.ActiveCfg = Release|Any CPU
		{AB07C913-2C92-4F48-B54B-C7C369341987}.Release|x86.Build.0 = Release|Any CPU
	EndGlobalSection
	GlobalSection(SolutionProperties) = preSolution
		HideSolutionNode = FALSE
	EndGlobalSection
	GlobalSection(ExtensibilityGlobals) = postSolution
		SolutionGuid = {E3F44E9C-DAC5-4094-BAA2-873A8997B9E5}
	EndGlobalSection
EndGlobal
